{
  "name": "nl.hdg.mqtt",
  "version": "0.0.1",
  "lockfileVersion": 1,
  "requires": true,
  "dependencies": {
    "athom-api": {
      "version": "2.0.93",
      "resolved": "https://registry.npmjs.org/athom-api/-/athom-api-2.0.93.tgz",
      "integrity": "sha512-AgnN61s9sXIbK/83Gz2WNgnpeLhb3y/ddVF4iyASEPsy6zgXySyYCtdpqB8Te/x+SmFyzhy2vVpp0QjKhvE0CQ=="
    }
  }
}
