{
  "name": "nl.hdg.mqtt",
  "version": "3.0.0",
  "lockfileVersion": 1,
  "requires": true,
  "dependencies": {
    "ajv": {
      "version": "6.12.6",
      "resolved": "https://registry.npmjs.org/ajv/-/ajv-6.12.6.tgz",
      "integrity": "sha512-j3fVLgvTo527anyYyJOGTYJbG+vnnQYvE0m5mmkc1TK+nxAppkCLMIL0aZ4dblVCNoGShhm+kzE4ZUykBoMg4g==",
      "requires": {
        "fast-deep-equal": "^3.1.1",
        "fast-json-stable-stringify": "^2.0.0",
        "json-schema-traverse": "^0.4.1",
        "uri-js": "^4.2.2"
      }
    },
    "athom-api": {
      "version": "3.3.0",
      "resolved": "https://registry.npmjs.org/athom-api/-/athom-api-3.3.0.tgz",
      "integrity": "sha512-21zC5YpmGWXYK/huJ3zsgpzryaSrFVkCHzHbVChrD0qhkwVMHNaKzvYTO/XGAz5EgOH3hia6T8V/BE301vliQQ=="
    },
    "bindings": {
      "version": "1.2.1",
      "resolved": "https://registry.npmjs.org/bindings/-/bindings-1.2.1.tgz",
      "integrity": "sha1-FK1hE4EtLTfXLme0ystLtyZQXxE=",
      "dev": true,
      "optional": true
    },
    "bufferutil": {
      "version": "1.1.0",
      "resolved": "https://registry.npmjs.org/bufferutil/-/bufferutil-1.1.0.tgz",
      "integrity": "sha1-P5a+d6f4ZS/2nvKfHKvIuJ9/2XI=",
      "dev": true,
      "optional": true,
      "requires": {
        "bindings": "1.2.x",
        "nan": "1.8.x"
      }
    },
    "deep-is": {
      "version": "0.1.3",
      "resolved": "https://registry.npmjs.org/deep-is/-/deep-is-0.1.3.tgz",
      "integrity": "sha1-s2nW+128E+7PUk+RsHD+7cNXzzQ="
    },
    "endpoint": {
      "version": "0.4.5",
      "resolved": "https://registry.npmjs.org/endpoint/-/endpoint-0.4.5.tgz",
      "integrity": "sha1-ijLbZq2UwxYdJ57Rq0/7bEEBt5o=",
      "dev": true,
      "requires": {
        "inherits": "^2.0.1"
      }
    },
    "escodegen": {
      "version": "1.14.3",
      "resolved": "https://registry.npmjs.org/escodegen/-/escodegen-1.14.3.tgz",
      "integrity": "sha512-qFcX0XJkdg+PB3xjZZG/wKSuT1PnQWx57+TVSjIMmILd2yC/6ByYElPwJnslDsuWuSAp4AwJGumarAAmJch5Kw==",
      "requires": {
        "esprima": "^4.0.1",
        "estraverse": "^4.2.0",
        "esutils": "^2.0.2",
        "optionator": "^0.8.1",
        "source-map": "~0.6.1"
      },
      "dependencies": {
        "esprima": {
          "version": "4.0.1",
          "resolved": "https://registry.npmjs.org/esprima/-/esprima-4.0.1.tgz",
          "integrity": "sha512-eGuFFw7Upda+g4p+QHvnW0RyTX/SVeJBDM/gCtMARO0cLuT2HcEKnTPvhjV6aGeqrCB/sbNop0Kszm0jsaWU4A=="
        }
      }
    },
    "esprima": {
      "version": "1.2.2",
      "resolved": "https://registry.npmjs.org/esprima/-/esprima-1.2.2.tgz",
      "integrity": "sha1-dqD9Zvz+FU/SkmZ9wmQBl1CxZXs="
    },
    "estraverse": {
      "version": "4.3.0",
      "resolved": "https://registry.npmjs.org/estraverse/-/estraverse-4.3.0.tgz",
      "integrity": "sha512-39nnKffWz8xN1BU/2c79n9nB9HDzo0niYUqx6xyqUnyoAnQyyWpOTdZEeiCch8BBu515t4wp9ZmgVfVhn9EBpw=="
    },
    "esutils": {
      "version": "2.0.3",
      "resolved": "https://registry.npmjs.org/esutils/-/esutils-2.0.3.tgz",
      "integrity": "sha512-kVscqXk4OCp68SZ0dkgEKVi6/8ij300KBWTJq32P/dYeWTSwK41WyTxalN1eRmA5Z9UU/LX9D7FWSmV9SAYx6g=="
    },
    "fast-deep-equal": {
      "version": "3.1.3",
      "resolved": "https://registry.npmjs.org/fast-deep-equal/-/fast-deep-equal-3.1.3.tgz",
      "integrity": "sha512-f3qQ9oQy9j2AhBe/H9VC91wLmKBCCU/gDOnKNAYG5hswO7BLKj09Hc5HYNz9cGI++xlpDCIgDaitVs03ATR84Q=="
    },
    "fast-json-stable-stringify": {
      "version": "2.1.0",
      "resolved": "https://registry.npmjs.org/fast-json-stable-stringify/-/fast-json-stable-stringify-2.1.0.tgz",
      "integrity": "sha512-lhd/wF+Lk98HZoTCtlVraHtfh5XYijIjalXck7saUtuanSDyLMxnHhSXEDJqHxD7msR8D0uCmqlkwjCV8xvwHw=="
    },
    "fast-levenshtein": {
      "version": "2.0.6",
      "resolved": "https://registry.npmjs.org/fast-levenshtein/-/fast-levenshtein-2.0.6.tgz",
      "integrity": "sha1-PYpcZog6FqMMqGQ+hR8Zuqd5eRc="
    },
    "homey-lib": {
      "version": "2.8.3",
      "resolved": "https://registry.npmjs.org/homey-lib/-/homey-lib-2.8.3.tgz",
      "integrity": "sha512-6IYQBA+7hVbnwoVlFsY5WBskOQ+99z7YtzuMwLcvBuRpMjZO6sFVkgjsit2XfSBRb6iBjyBRjtq/q2sECngBXQ==",
      "requires": {
        "ajv": "^6.1.1",
        "image-size": "^0.6.2",
        "semver": "^5.7.0",
        "tinycolor2": "^1.4.1"
      }
    },
    "image-size": {
      "version": "0.6.3",
      "resolved": "https://registry.npmjs.org/image-size/-/image-size-0.6.3.tgz",
      "integrity": "sha512-47xSUiQioGaB96nqtp5/q55m0aBQSQdyIloMOc/x+QVTDZLNmXE892IIDrJ0hM1A5vcNUDD5tDffkSP5lCaIIA=="
    },
    "inherits": {
      "version": "2.0.4",
      "resolved": "https://registry.npmjs.org/inherits/-/inherits-2.0.4.tgz",
      "integrity": "sha512-k/vGaX4/Yla3WzyMCvTQOXYeIHvqOKtnqBduzTHpzpQZzAskKMhZ2K+EnBiSM9zGSoIFeMpXKxa4dYeZIQqewQ==",
      "dev": true
    },
    "inspector": {
      "version": "0.5.0",
      "resolved": "https://registry.npmjs.org/inspector/-/inspector-0.5.0.tgz",
      "integrity": "sha1-omRl3LWIWDUs9Cl35pHvrOqI9QE=",
      "dev": true,
      "requires": {
        "endpoint": "0.4.x",
        "ws": "0.7.x"
      }
    },
    "json-schema-traverse": {
      "version": "0.4.1",
      "resolved": "https://registry.npmjs.org/json-schema-traverse/-/json-schema-traverse-0.4.1.tgz",
      "integrity": "sha512-xbbCH5dCYU5T8LcEhhuh7HJ88HXuW3qsI3Y0zOZFKfZEHcpWiHU/Jxzk629Brsab/mMiHQti9wMP+845RPe3Vg=="
    },
    "json-templater": {
      "version": "1.2.0",
      "resolved": "https://registry.npmjs.org/json-templater/-/json-templater-1.2.0.tgz",
      "integrity": "sha512-u2l5PGQuLs6eoeAW6z7LOgyk17d7v4LutnO630ZQt1Nw9XxzepU4vD1HDlYV45d0aR3tBek4AK6GYWbEI0nhOQ=="
    },
    "jsonpath": {
      "version": "1.1.0",
      "resolved": "https://registry.npmjs.org/jsonpath/-/jsonpath-1.1.0.tgz",
      "integrity": "sha512-CZHwa1sZOf42qkIyK7evwToFXeTB4iplbl6Z9CVwU0wmBQPffL6gtYJXCoeciJoZENMuzaidPjhp2iOLRei4wQ==",
      "requires": {
        "esprima": "1.2.2",
        "static-eval": "2.0.2",
        "underscore": "1.7.0"
      }
    },
    "levn": {
      "version": "0.3.0",
      "resolved": "https://registry.npmjs.org/levn/-/levn-0.3.0.tgz",
      "integrity": "sha1-OwmSTt+fCDwEkP3UwLxEIeBHZO4=",
      "requires": {
        "prelude-ls": "~1.1.2",
        "type-check": "~0.3.2"
      }
    },
    "lodash": {
      "version": "4.17.21",
      "resolved": "https://registry.npmjs.org/lodash/-/lodash-4.17.21.tgz",
      "integrity": "sha512-v2kDEe57lecTulaDIuNTPy3Ry4gLGJ6Z1O3vE1krgXZNrsQ+LFTGHVxVjcXPs17LhbZVGedAJv8XZ1tvj5FvSg=="
    },
    "nan": {
      "version": "1.8.4",
      "resolved": "https://registry.npmjs.org/nan/-/nan-1.8.4.tgz",
      "integrity": "sha1-PHa1OC6rM+RLdY0oE8qdkuk0LzQ=",
      "dev": true,
      "optional": true
    },
    "optionator": {
      "version": "0.8.3",
      "resolved": "https://registry.npmjs.org/optionator/-/optionator-0.8.3.tgz",
      "integrity": "sha512-+IW9pACdk3XWmmTXG8m3upGUJst5XRGzxMRjXzAuJ1XnIFNvfhjjIuYkDvysnPQ7qzqVzLt78BCruntqRhWQbA==",
      "requires": {
        "deep-is": "~0.1.3",
        "fast-levenshtein": "~2.0.6",
        "levn": "~0.3.0",
        "prelude-ls": "~1.1.2",
        "type-check": "~0.3.2",
        "word-wrap": "~1.2.3"
      }
    },
    "options": {
      "version": "0.0.6",
      "resolved": "https://registry.npmjs.org/options/-/options-0.0.6.tgz",
      "integrity": "sha1-7CLTEoBrtT5zF3Pnza788cZDEo8=",
      "dev": true
    },
    "prelude-ls": {
      "version": "1.1.2",
      "resolved": "https://registry.npmjs.org/prelude-ls/-/prelude-ls-1.1.2.tgz",
      "integrity": "sha1-IZMqVJ9eUv/ZqCf1cOBL5iqX2lQ="
    },
    "punycode": {
      "version": "2.1.1",
      "resolved": "https://registry.npmjs.org/punycode/-/punycode-2.1.1.tgz",
      "integrity": "sha512-XRsRjdf+j5ml+y/6GKHPZbrF/8p2Yga0JPtdqTIY2Xe5ohJPD9saDJJLPvp9+NSBprVvevdXZybnj2cv8OEd0A=="
    },
    "semver": {
      "version": "5.7.1",
      "resolved": "https://registry.npmjs.org/semver/-/semver-5.7.1.tgz",
      "integrity": "sha512-sauaDf/PZdVgrLTNYHRtpXa1iRiKcaebiKQ1BJdpQlWH2lCvexQdX55snPFyK7QzpudqbCI0qXFfOasHdyNDGQ=="
    },
    "source-map": {
      "version": "0.6.1",
      "resolved": "https://registry.npmjs.org/source-map/-/source-map-0.6.1.tgz",
      "integrity": "sha512-UjgapumWlbMhkBgzT7Ykc5YXUT46F0iKu8SGXq0bcwP5dz/h0Plj6enJqjz1Zbq2l5WaqYnrVbwWOWMyF3F47g==",
      "optional": true
    },
    "static-eval": {
      "version": "2.0.2",
      "resolved": "https://registry.npmjs.org/static-eval/-/static-eval-2.0.2.tgz",
      "integrity": "sha512-N/D219Hcr2bPjLxPiV+TQE++Tsmrady7TqAJugLy7Xk1EumfDWS/f5dtBbkRCGE7wKKXuYockQoj8Rm2/pVKyg==",
      "requires": {
        "escodegen": "^1.8.1"
      }
    },
    "tinycolor2": {
      "version": "1.4.2",
      "resolved": "https://registry.npmjs.org/tinycolor2/-/tinycolor2-1.4.2.tgz",
      "integrity": "sha512-vJhccZPs965sV/L2sU4oRQVAos0pQXwsvTLkWYdqJ+a8Q5kPFzJTuOFwy7UniPli44NKQGAglksjvOcpo95aZA=="
    },
    "type-check": {
      "version": "0.3.2",
      "resolved": "https://registry.npmjs.org/type-check/-/type-check-0.3.2.tgz",
      "integrity": "sha1-WITKtRLPHTVeP7eE8wgEsrUg23I=",
      "requires": {
        "prelude-ls": "~1.1.2"
      }
    },
    "ultron": {
      "version": "1.0.2",
      "resolved": "https://registry.npmjs.org/ultron/-/ultron-1.0.2.tgz",
      "integrity": "sha1-rOEWq1V80Zc4ak6I9GhTeMiy5Po=",
      "dev": true
    },
    "underscore": {
      "version": "1.7.0",
      "resolved": "https://registry.npmjs.org/underscore/-/underscore-1.7.0.tgz",
      "integrity": "sha1-a7rwh3UA02vjTsqlhODbn+8DUgk="
    },
    "uri-js": {
      "version": "4.4.1",
      "resolved": "https://registry.npmjs.org/uri-js/-/uri-js-4.4.1.tgz",
      "integrity": "sha512-7rKUyy33Q1yc98pQ1DAmLtwX109F7TIfWlW1Ydo8Wl1ii1SeHieeh0HHfPeL2fMXK6z0s8ecKs9frCuLJvndBg==",
      "requires": {
        "punycode": "^2.1.0"
      }
    },
    "utf-8-validate": {
      "version": "1.1.0",
      "resolved": "https://registry.npmjs.org/utf-8-validate/-/utf-8-validate-1.1.0.tgz",
      "integrity": "sha1-UhprshidCzB93Ft5w8laX9gIXbQ=",
      "dev": true,
      "optional": true,
      "requires": {
        "bindings": "1.2.x",
        "nan": "1.8.x"
      }
    },
    "word-wrap": {
      "version": "1.2.3",
      "resolved": "https://registry.npmjs.org/word-wrap/-/word-wrap-1.2.3.tgz",
      "integrity": "sha512-Hz/mrNwitNRh/HUAtM/VT/5VH+ygD6DV7mYKZAtHOrbs8U7lvPS6xf7EJKMF0uW1KJCl0H701g3ZGus+muE5vQ=="
    },
    "ws": {
      "version": "0.7.2",
      "resolved": "https://registry.npmjs.org/ws/-/ws-0.7.2.tgz",
      "integrity": "sha1-Q4xWC9+it9o91ba0btYTJcJGmdg=",
      "dev": true,
      "requires": {
        "bufferutil": "1.1.x",
        "options": ">=0.0.5",
        "ultron": "1.0.x",
        "utf-8-validate": "1.1.x"
      }
    }
  }
}
