{
  "name": "nl.hdg.mqtt",
  "version": "0.0.1",
  "lockfileVersion": 1,
  "requires": true,
  "dependencies": {
    "athom-api": {
      "version": "2.0.148",
      "resolved": "https://registry.npmjs.org/athom-api/-/athom-api-2.0.148.tgz",
      "integrity": "sha512-NXfFJL+pjO8kTiKnIg7thq2qzYcWuk2IAqvW/tRIEfnfPdOHDMFfdcKeLd/Hw5l8jIUFzs0776/g0YoDCRd+Vg=="
    }
  }
}
